
Microsoft Visual Studio Solution File, Format Version 12.00
# Visual Studio Version 17
VisualStudioVersion = 17.13.35931.197 d17.13
MinimumVisualStudioVersion = 10.0.40219.1
Project("{FAE04EC0-301F-11D3-BF4B-00C04F79EFBC}") = "ServiSy_v1_API", "ServiSy_v1\ServiSy_v1_API.csproj", "{470196E3-8357-4E1F-8382-CDFDCA1F0713}"
EndProject
Project("{2150E333-8FDC-42A3-9474-1A3956D46DE8}") = "API", "API", "{02EA681E-C7D8-13C7-8484-4AC65E1B71E8}"
EndProject
Project("{2150E333-8FDC-42A3-9474-1A3956D46DE8}") = "Business", "Business", "{37A2D01E-387F-41DA-A0C5-9AD676505F6E}"
EndProject
Project("{2150E333-8FDC-42A3-9474-1A3956D46DE8}") = "Data", "Data", "{DFE141FA-9DD3-4D76-801E-023F0D62B8EE}"
EndProject
Project("{FAE04EC0-301F-11D3-BF4B-00C04F79EFBC}") = "ServiSy_v1_Business", "ServiSy_v1_Business\ServiSy_v1_Business.csproj", "{2945676F-9521-4F44-826B-BDED61DEB79B}"
EndProject
Project("{FAE04EC0-301F-11D3-BF4B-00C04F79EFBC}") = "ServiSy_v1_Data", "ServiSy_v1_Data\ServiSy_v1_Data.csproj", "{7C414626-9DCB-4351-B932-4078F000BB47}"
EndProject
Global
	GlobalSection(SolutionConfigurationPlatforms) = preSolution
		Debug|Any CPU = Debug|Any CPU
		Release|Any CPU = Release|Any CPU
	EndGlobalSection
	GlobalSection(ProjectConfigurationPlatforms) = postSolution
		{470196E3-8357-4E1F-8382-CDFDCA1F0713}.Debug|Any CPU.ActiveCfg = Debug|Any CPU
		{470196E3-8357-4E1F-8382-CDFDCA1F0713}.Debug|Any CPU.Build.0 = Debug|Any CPU
		{470196E3-8357-4E1F-8382-CDFDCA1F0713}.Release|Any CPU.ActiveCfg = Release|Any CPU
		{470196E3-8357-4E1F-8382-CDFDCA1F0713}.Release|Any CPU.Build.0 = Release|Any CPU
		{2945676F-9521-4F44-826B-BDED61DEB79B}.Debug|Any CPU.ActiveCfg = Debug|Any CPU
		{2945676F-9521-4F44-826B-BDED61DEB79B}.Debug|Any CPU.Build.0 = Debug|Any CPU
		{2945676F-9521-4F44-826B-BDED61DEB79B}.Release|Any CPU.ActiveCfg = Release|Any CPU
		{2945676F-9521-4F44-826B-BDED61DEB79B}.Release|Any CPU.Build.0 = Release|Any CPU
		{7C414626-9DCB-4351-B932-4078F000BB47}.Debug|Any CPU.ActiveCfg = Debug|Any CPU
		{7C414626-9DCB-4351-B932-4078F000BB47}.Debug|Any CPU.Build.0 = Debug|Any CPU
		{7C414626-9DCB-4351-B932-4078F000BB47}.Release|Any CPU.ActiveCfg = Release|Any CPU
		{7C414626-9DCB-4351-B932-4078F000BB47}.Release|Any CPU.Build.0 = Release|Any CPU
	EndGlobalSection
	GlobalSection(SolutionProperties) = preSolution
		HideSolutionNode = FALSE
	EndGlobalSection
	GlobalSection(NestedProjects) = preSolution
		{470196E3-8357-4E1F-8382-CDFDCA1F0713} = {02EA681E-C7D8-13C7-8484-4AC65E1B71E8}
		{2945676F-9521-4F44-826B-BDED61DEB79B} = {37A2D01E-387F-41DA-A0C5-9AD676505F6E}
		{7C414626-9DCB-4351-B932-4078F000BB47} = {DFE141FA-9DD3-4D76-801E-023F0D62B8EE}
	EndGlobalSection
	GlobalSection(ExtensibilityGlobals) = postSolution
		SolutionGuid = {79433AF9-C3B5-4D0F-B688-B6C570CBCBF1}
	EndGlobalSection
EndGlobal
